// !$*UTF8*$!
{
	archiveVersion = 1;
	classes = {
	};
	objectVersion = 50;
	objects = {

/* Begin PBXBuildFile section */
		A897170126A624B900E00DE2 /* AppDelegate.swift in Sources */ = {isa = PBXBuildFile; fileRef = A897170026A624B900E00DE2 /* AppDelegate.swift */; };
		A897170326A624B900E00DE2 /* SceneDelegate.swift in Sources */ = {isa = PBXBuildFile; fileRef = A897170226A624B900E00DE2 /* SceneDelegate.swift */; };
		A897170526A624B900E00DE2 /* ViewController.swift in Sources */ = {isa = PBXBuildFile; fileRef = A897170426A624B900E00DE2 /* ViewController.swift */; };
		A897170826A624B900E00DE2 /* Main.storyboard in Resources */ = {isa = PBXBuildFile; fileRef = A897170626A624B900E00DE2 /* Main.storyboard */; };
		A897170B26A624B900E00DE2 /* ToDoList.xcdatamodeld in Sources */ = {isa = PBXBuildFile; fileRef = A897170926A624B900E00DE2 /* ToDoList.xcdatamodeld */; };
		A897170D26A624B900E00DE2 /* Assets.xcassets in Resources */ = {isa = PBXBuildFile; fileRef = A897170C26A624B900E00DE2 /* Assets.xcassets */; };
		A897171026A624B900E00DE2 /* LaunchScreen.storyboard in Resources */ = {isa = PBXBuildFile; fileRef = A897170E26A624B900E00DE2 /* LaunchScreen.storyboard */; };
		A897171B26A624BA00E00DE2 /* ToDoListTests.swift in Sources */ = {isa = PBXBuildFile; fileRef = A897171A26A624BA00E00DE2 /* ToDoListTests.swift */; };
		A897172626A624BA00E00DE2 /* ToDoListUITests.swift in Sources */ = {isa = PBXBuildFile; fileRef = A897172526A624BA00E00DE2 /* ToDoListUITests.swift */; };
/* End PBXBuildFile section */

/* Begin PBXContainerItemProxy section */
		A897171726A624BA00E00DE2 /* PBXContainerItemProxy */ = {
			isa = PBXContainerItemProxy;
			containerPortal = A89716F526A624B900E00DE2 /* Project object */;
			proxyType = 1;
			remoteGlobalIDString = A89716FC26A624B900E00DE2;
			remoteInfo = ToDoList;
		};
		A897172226A624BA00E00DE2 /* PBXContainerItemProxy */ = {
			isa = PBXContainerItemProxy;
			containerPortal = A89716F526A624B900E00DE2 /* Project object */;
			proxyType = 1;
			remoteGlobalIDString = A89716FC26A624B900E00DE2;
			remoteInfo = ToDoList;
		};
/* End PBXContainerItemProxy section */

/* Begin PBXFileReference section */
		A89716FD26A624B900E00DE2 /* ToDoList.app */ = {isa = PBXFileReference; explicitFileType = wrapper.application; includeInIndex = 0; path = ToDoList.app; sourceTree = BUILT_PRODUCTS_DIR; };
		A897170026A624B900E00DE2 /* AppDelegate.swift */ = {isa = PBXFileReference; lastKnownFileType = sourcecode.swift; path = AppDelegate.swift; sourceTree = "<group>"; };
		A897170226A624B900E00DE2 /* SceneDelegate.swift */ = {isa = PBXFileReference; lastKnownFileType = sourcecode.swift; path = SceneDelegate.swift; sourceTree = "<group>"; };
		A897170426A624B900E00DE2 /* ViewController.swift */ = {isa = PBXFileReference; lastKnownFileType = sourcecode.swift; path = ViewController.swift; sourceTree = "<group>"; };
		A897170726A624B900E00DE2 /* Base */ = {isa = PBXFileReference; lastKnownFileType = file.storyboard; name = Base; path = Base.lproj/Main.storyboard; sourceTree = "<group>"; };
		A897170A26A624B900E00DE2 /* ToDoList.xcdatamodel */ = {isa = PBXFileReference; lastKnownFileType = wrapper.xcdatamodel; path = ToDoList.xcdatamodel; sourceTree = "<group>"; };
		A897170C26A624B900E00DE2 /* Assets.xcassets */ = {isa = PBXFileReference; lastKnownFileType = folder.assetcatalog; path = Assets.xcassets; sourceTree = "<group>"; };
		A897170F26A624B900E00DE2 /* Base */ = {isa = PBXFileReference; lastKnownFileType = file.storyboard; name = Base; path = Base.lproj/LaunchScreen.storyboard; sourceTree = "<group>"; };
		A897171126A624B900E00DE2 /* Info.plist */ = {isa = PBXFileReference; lastKnownFileType = text.plist.xml; path = Info.plist; sourceTree = "<group>"; };
		A897171626A624BA00E00DE2 /* ToDoListTests.xctest */ = {isa = PBXFileReference; explicitFileType = wrapper.cfbundle; includeInIndex = 0; path = ToDoListTests.xctest; sourceTree = BUILT_PRODUCTS_DIR; };
		A897171A26A624BA00E00DE2 /* ToDoListTests.swift */ = {isa = PBXFileReference; lastKnownFileType = sourcecode.swift; path = ToDoListTests.swift; sourceTree = "<group>"; };
		A897171C26A624BA00E00DE2 /* Info.plist */ = {isa = PBXFileReference; lastKnownFileType = text.plist.xml; path = Info.plist; sourceTree = "<group>"; };
		A897172126A624BA00E00DE2 /* ToDoListUITests.xctest */ = {isa = PBXFileReference; explicitFileType = wrapper.cfbundle; includeInIndex = 0; path = ToDoListUITests.xctest; sourceTree = BUILT_PRODUCTS_DIR; };
		A897172526A624BA00E00DE2 /* ToDoListUITests.swift */ = {isa = PBXFileReference; lastKnownFileType = sourcecode.swift; path = ToDoListUITests.swift; sourceTree = "<group>"; };
		A897172726A624BA00E00DE2 /* Info.plist */ = {isa = PBXFileReference; lastKnownFileType = text.plist.xml; path = Info.plist; sourceTree = "<group>"; };
/* End PBXFileReference section */

/* Begin PBXFrameworksBuildPhase section */
		A89716FA26A624B900E00DE2 /* Frameworks */ = {
			isa = PBXFrameworksBuildPhase;
			buildActionMask = 2147483647;
			files = (
			);
			runOnlyForDeploymentPostprocessing = 0;
		};
		A897171326A624BA00E00DE2 /* Frameworks */ = {
			isa = PBXFrameworksBuildPhase;
			buildActionMask = 2147483647;
			files = (
			);
			runOnlyForDeploymentPostprocessing = 0;
		};
		A897171E26A624BA00E00DE2 /* Frameworks */ = {
			isa = PBXFrameworksBuildPhase;
			buildActionMask = 2147483647;
			files = (
			);
			runOnlyForDeploymentPostprocessing = 0;
		};
/* End PBXFrameworksBuildPhase section */

/* Begin PBXGroup section */
		A89716F426A624B900E00DE2 = {
			isa = PBXGroup;
			children = (
				A89716FF26A624B900E00DE2 /* ToDoList */,
				A897171926A624BA00E00DE2 /* ToDoListTests */,
				A897172426A624BA00E00DE2 /* ToDoListUITests */,
				A89716FE26A624B900E00DE2 /* Products */,
			);
			sourceTree = "<group>";
		};
		A89716FE26A624B900E00DE2 /* Products */ = {
			isa = PBXGroup;
			children = (
				A89716FD26A624B900E00DE2 /* ToDoList.app */,
				A897171626A624BA00E00DE2 /* ToDoListTests.xctest */,
				A897172126A624BA00E00DE2 /* ToDoListUITests.xctest */,
			);
			name = Products;
			sourceTree = "<group>";
		};
		A89716FF26A624B900E00DE2 /* ToDoList */ = {
			isa = PBXGroup;
			children = (
				A897170026A624B900E00DE2 /* AppDelegate.swift */,
				A897170226A624B900E00DE2 /* SceneDelegate.swift */,
				A897170426A624B900E00DE2 /* ViewController.swift */,
				A897170626A624B900E00DE2 /* Main.storyboard */,
				A897170C26A624B900E00DE2 /* Assets.xcassets */,
				A897170E26A624B900E00DE2 /* LaunchScreen.storyboard */,
				A897171126A624B900E00DE2 /* Info.plist */,
				A897170926A624B900E00DE2 /* ToDoList.xcdatamodeld */,
			);
			path = ToDoList;
			sourceTree = "<group>";
		};
		A897171926A624BA00E00DE2 /* ToDoListTests */ = {
			isa = PBXGroup;
			children = (
				A897171A26A624BA00E00DE2 /* ToDoListTests.swift */,
				A897171C26A624BA00E00DE2 /* Info.plist */,
			);
			path = ToDoListTests;
			sourceTree = "<group>";
		};
		A897172426A624BA00E00DE2 /* ToDoListUITests */ = {
			isa = PBXGroup;
			children = (
				A897172526A624BA00E00DE2 /* ToDoListUITests.swift */,
				A897172726A624BA00E00DE2 /* Info.plist */,
			);
			path = ToDoListUITests;
			sourceTree = "<group>";
		};
/* End PBXGroup section */

/* Begin PBXNativeTarget section */
		A89716FC26A624B900E00DE2 /* ToDoList */ = {
			isa = PBXNativeTarget;
			buildConfigurationList = A897172A26A624BA00E00DE2 /* Build configuration list for PBXNativeTarget "ToDoList" */;
			buildPhases = (
				A89716F926A624B900E00DE2 /* Sources */,
				A89716FA26A624B900E00DE2 /* Frameworks */,
				A89716FB26A624B900E00DE2 /* Resources */,
			);
			buildRules = (
			);
			dependencies = (
			);
			name = ToDoList;
			productName = ToDoList;
			productReference = A89716FD26A624B900E00DE2 /* ToDoList.app */;
			productType = "com.apple.product-type.application";
		};
		A897171526A624BA00E00DE2 /* ToDoListTests */ = {
			isa = PBXNativeTarget;
			buildConfigurationList = A897172D26A624BA00E00DE2 /* Build configuration list for PBXNativeTarget "ToDoListTests" */;
			buildPhases = (
				A897171226A624BA00E00DE2 /* Sources */,
				A897171326A624BA00E00DE2 /* Frameworks */,
				A897171426A624BA00E00DE2 /* Resources */,
			);
			buildRules = (
			);
			dependencies = (
				A897171826A624BA00E00DE2 /* PBXTargetDependency */,
			);
			name = ToDoListTests;
			productName = ToDoListTests;
			productReference = A897171626A624BA00E00DE2 /* ToDoListTests.xctest */;
			productType = "com.apple.product-type.bundle.unit-test";
		};
		A897172026A624BA00E00DE2 /* ToDoListUITests */ = {
			isa = PBXNativeTarget;
			buildConfigurationList = A897173026A624BA00E00DE2 /* Build configuration list for PBXNativeTarget "ToDoListUITests" */;
			buildPhases = (
				A897171D26A624BA00E00DE2 /* Sources */,
				A897171E26A624BA00E00DE2 /* Frameworks */,
				A897171F26A624BA00E00DE2 /* Resources */,
			);
			buildRules = (
			);
			dependencies = (
				A897172326A624BA00E00DE2 /* PBXTargetDependency */,
			);
			name = ToDoListUITests;
			productName = ToDoListUITests;
			productReference = A897172126A624BA00E00DE2 /* ToDoListUITests.xctest */;
			productType = "com.apple.product-type.bundle.ui-testing";
		};
/* End PBXNativeTarget section */

/* Begin PBXProject section */
		A89716F526A624B900E00DE2 /* Project object */ = {
			isa = PBXProject;
			attributes = {
				LastSwiftUpdateCheck = 1250;
				LastUpgradeCheck = 1250;
				TargetAttributes = {
					A89716FC26A624B900E00DE2 = {
						CreatedOnToolsVersion = 12.5;
					};
					A897171526A624BA00E00DE2 = {
						CreatedOnToolsVersion = 12.5;
						TestTargetID = A89716FC26A624B900E00DE2;
					};
					A897172026A624BA00E00DE2 = {
						CreatedOnToolsVersion = 12.5;
						TestTargetID = A89716FC26A624B900E00DE2;
					};
				};
			};
			buildConfigurationList = A89716F826A624B900E00DE2 /* Build configuration list for PBXProject "ToDoList" */;
			compatibilityVersion = "Xcode 9.3";
			developmentRegion = en;
			hasScannedForEncodings = 0;
			knownRegions = (
				en,
				Base,
			);
			mainGroup = A89716F426A624B900E00DE2;
			productRefGroup = A89716FE26A624B900E00DE2 /* Products */;
			projectDirPath = "";
			projectRoot = "";
			targets = (
				A89716FC26A624B900E00DE2 /* ToDoList */,
				A897171526A624BA00E00DE2 /* ToDoListTests */,
				A897172026A624BA00E00DE2 /* ToDoListUITests */,
			);
		};
/* End PBXProject section */

/* Begin PBXResourcesBuildPhase section */
		A89716FB26A624B900E00DE2 /* Resources */ = {
			isa = PBXResourcesBuildPhase;
			buildActionMask = 2147483647;
			files = (
				A897171026A624B900E00DE2 /* LaunchScreen.storyboard in Resources */,
				A897170D26A624B900E00DE2 /* Assets.xcassets in Resources */,
				A897170826A624B900E00DE2 /* Main.storyboard in Resources */,
			);
			runOnlyForDeploymentPostprocessing = 0;
		};
		A897171426A624BA00E00DE2 /* Resources */ = {
			isa = PBXResourcesBuildPhase;
			buildActionMask = 2147483647;
			files = (
			);
			runOnlyForDeploymentPostprocessing = 0;
		};
		A897171F26A624BA00E00DE2 /* Resources */ = {
			isa = PBXResourcesBuildPhase;
			buildActionMask = 2147483647;
			files = (
			);
			runOnlyForDeploymentPostprocessing = 0;
		};
/* End PBXResourcesBuildPhase section */

/* Begin PBXSourcesBuildPhase section */
		A89716F926A624B900E00DE2 /* Sources */ = {
			isa = PBXSourcesBuildPhase;
			buildActionMask = 2147483647;
			files = (
				A897170526A624B900E00DE2 /* ViewController.swift in Sources */,
				A897170126A624B900E00DE2 /* AppDelegate.swift in Sources */,
				A897170326A624B900E00DE2 /* SceneDelegate.swift in Sources */,
				A897170B26A624B900E00DE2 /* ToDoList.xcdatamodeld in Sources */,
			);
			runOnlyForDeploymentPostprocessing = 0;
		};
		A897171226A624BA00E00DE2 /* Sources */ = {
			isa = PBXSourcesBuildPhase;
			buildActionMask = 2147483647;
			files = (
				A897171B26A624BA00E00DE2 /* ToDoListTests.swift in Sources */,
			);
			runOnlyForDeploymentPostprocessing = 0;
		};
		A897171D26A624BA00E00DE2 /* Sources */ = {
			isa = PBXSourcesBuildPhase;
			buildActionMask = 2147483647;
			files = (
				A897172626A624BA00E00DE2 /* ToDoListUITests.swift in Sources */,
			);
			runOnlyForDeploymentPostprocessing = 0;
		};
/* End PBXSourcesBuildPhase section */

/* Begin PBXTargetDependency section */
		A897171826A624BA00E00DE2 /* PBXTargetDependency */ = {
			isa = PBXTargetDependency;
			target = A89716FC26A624B900E00DE2 /* ToDoList */;
			targetProxy = A897171726A624BA00E00DE2 /* PBXContainerItemProxy */;
		};
		A897172326A624BA00E00DE2 /* PBXTargetDependency */ = {
			isa = PBXTargetDependency;
			target = A89716FC26A624B900E00DE2 /* ToDoList */;
			targetProxy = A897172226A624BA00E00DE2 /* PBXContainerItemProxy */;
		};
/* End PBXTargetDependency section */

/* Begin PBXVariantGroup section */
		A897170626A624B900E00DE2 /* Main.storyboard */ = {
			isa = PBXVariantGroup;
			children = (
				A897170726A624B900E00DE2 /* Base */,
			);
			name = Main.storyboard;
			sourceTree = "<group>";
		};
		A897170E26A624B900E00DE2 /* LaunchScreen.storyboard */ = {
			isa = PBXVariantGroup;
			children = (
				A897170F26A624B900E00DE2 /* Base */,
			);
			name = LaunchScreen.storyboard;
			sourceTree = "<group>";
		};
/* End PBXVariantGroup section */

/* Begin XCBuildConfiguration section */
		A897172826A624BA00E00DE2 /* Debug */ = {
			isa = XCBuildConfiguration;
			buildSettings = {
				ALWAYS_SEARCH_USER_PATHS = NO;
				CLANG_ANALYZER_NONNULL = YES;
				CLANG_ANALYZER_NUMBER_OBJECT_CONVERSION = YES_AGGRESSIVE;
				CLANG_CXX_LANGUAGE_STANDARD = "gnu++14";
				CLANG_CXX_LIBRARY = "libc++";
				CLANG_ENABLE_MODULES = YES;
				CLANG_ENABLE_OBJC_ARC = YES;
				CLANG_ENABLE_OBJC_WEAK = YES;
				CLANG_WARN_BLOCK_CAPTURE_AUTORELEASING = YES;
				CLANG_WARN_BOOL_CONVERSION = YES;
				CLANG_WARN_COMMA = YES;
				CLANG_WARN_CONSTANT_CONVERSION = YES;
				CLANG_WARN_DEPRECATED_OBJC_IMPLEMENTATIONS = YES;
				CLANG_WARN_DIRECT_OBJC_ISA_USAGE = YES_ERROR;
				CLANG_WARN_DOCUMENTATION_COMMENTS = YES;
				CLANG_WARN_EMPTY_BODY = YES;
				CLANG_WARN_ENUM_CONVERSION = YES;
				CLANG_WARN_INFINITE_RECURSION = YES;
				CLANG_WARN_INT_CONVERSION = YES;
				CLANG_WARN_NON_LITERAL_NULL_CONVERSION = YES;
				CLANG_WARN_OBJC_IMPLICIT_RETAIN_SELF = YES;
				CLANG_WARN_OBJC_LITERAL_CONVERSION = YES;
				CLANG_WARN_OBJC_ROOT_CLASS = YES_ERROR;
				CLANG_WARN_QUOTED_INCLUDE_IN_FRAMEWORK_HEADER = YES;
				CLANG_WARN_RANGE_LOOP_ANALYSIS = YES;
				CLANG_WARN_STRICT_PROTOTYPES = YES;
				CLANG_WARN_SUSPICIOUS_MOVE = YES;
				CLANG_WARN_UNGUARDED_AVAILABILITY = YES_AGGRESSIVE;
				CLANG_WARN_UNREACHABLE_CODE = YES;
				CLANG_WARN__DUPLICATE_METHOD_MATCH = YES;
				COPY_PHASE_STRIP = NO;
				DEBUG_INFORMATION_FORMAT = dwarf;
				ENABLE_STRICT_OBJC_MSGSEND = YES;
				ENABLE_TESTABILITY = YES;
				GCC_C_LANGUAGE_STANDARD = gnu11;
				GCC_DYNAMIC_NO_PIC = NO;
				GCC_NO_COMMON_BLOCKS = YES;
				GCC_OPTIMIZATION_LEVEL = 0;
				GCC_PREPROCESSOR_DEFINITIONS = (
					"DEBUG=1",
					"$(inherited)",
				);
				GCC_WARN_64_TO_32_BIT_CONVERSION = YES;
				GCC_WARN_ABOUT_RETURN_TYPE = YES_ERROR;
				GCC_WARN_UNDECLARED_SELECTOR = YES;
				GCC_WARN_UNINITIALIZED_AUTOS = YES_AGGRESSIVE;
				GCC_WARN_UNUSED_FUNCTION = YES;
				GCC_WARN_UNUSED_VARIABLE = YES;
				IPHONEOS_DEPLOYMENT_TARGET = 14.5;
				MTL_ENABLE_DEBUG_INFO = INCLUDE_SOURCE;
				MTL_FAST_MATH = YES;
				ONLY_ACTIVE_ARCH = YES;
				SDKROOT = iphoneos;
				SWIFT_ACTIVE_COMPILATION_CONDITIONS = DEBUG;
				SWIFT_OPTIMIZATION_LEVEL = "-Onone";
			};
			name = Debug;
		};
		A897172926A624BA00E00DE2 /* Release */ = {
			isa = XCBuildConfiguration;
			buildSettings = {
				ALWAYS_SEARCH_USER_PATHS = NO;
				CLANG_ANALYZER_NONNULL = YES;
				CLANG_ANALYZER_NUMBER_OBJECT_CONVERSION = YES_AGGRESSIVE;
				CLANG_CXX_LANGUAGE_STANDARD = "gnu++14";
				CLANG_CXX_LIBRARY = "libc++";
				CLANG_ENABLE_MODULES = YES;
				CLANG_ENABLE_OBJC_ARC = YES;
				CLANG_ENABLE_OBJC_WEAK = YES;
				CLANG_WARN_BLOCK_CAPTURE_AUTORELEASING = YES;
				CLANG_WARN_BOOL_CONVERSION = YES;
				CLANG_WARN_COMMA = YES;
				CLANG_WARN_CONSTANT_CONVERSION = YES;
				CLANG_WARN_DEPRECATED_OBJC_IMPLEMENTATIONS = YES;
				CLANG_WARN_DIRECT_OBJC_ISA_USAGE = YES_ERROR;
				CLANG_WARN_DOCUMENTATION_COMMENTS = YES;
				CLANG_WARN_EMPTY_BODY = YES;
				CLANG_WARN_ENUM_CONVERSION = YES;
				CLANG_WARN_INFINITE_RECURSION = YES;
				CLANG_WARN_INT_CONVERSION = YES;
				CLANG_WARN_NON_LITERAL_NULL_CONVERSION = YES;
				CLANG_WARN_OBJC_IMPLICIT_RETAIN_SELF = YES;
				CLANG_WARN_OBJC_LITERAL_CONVERSION = YES;
				CLANG_WARN_OBJC_ROOT_CLASS = YES_ERROR;
				CLANG_WARN_QUOTED_INCLUDE_IN_FRAMEWORK_HEADER = YES;
				CLANG_WARN_RANGE_LOOP_ANALYSIS = YES;
				CLANG_WARN_STRICT_PROTOTYPES = YES;
				CLANG_WARN_SUSPICIOUS_MOVE = YES;
				CLANG_WARN_UNGUARDED_AVAILABILITY = YES_AGGRESSIVE;
				CLANG_WARN_UNREACHABLE_CODE = YES;
				CLANG_WARN__DUPLICATE_METHOD_MATCH = YES;
				COPY_PHASE_STRIP = NO;
				DEBUG_INFORMATION_FORMAT = "dwarf-with-dsym";
				ENABLE_NS_ASSERTIONS = NO;
				ENABLE_STRICT_OBJC_MSGSEND = YES;
				GCC_C_LANGUAGE_STANDARD = gnu11;
				GCC_NO_COMMON_BLOCKS = YES;
				GCC_WARN_64_TO_32_BIT_CONVERSION = YES;
				GCC_WARN_ABOUT_RETURN_TYPE = YES_ERROR;
				GCC_WARN_UNDECLARED_SELECTOR = YES;
				GCC_WARN_UNINITIALIZED_AUTOS = YES_AGGRESSIVE;
				GCC_WARN_UNUSED_FUNCTION = YES;
				GCC_WARN_UNUSED_VARIABLE = YES;
				IPHONEOS_DEPLOYMENT_TARGET = 14.5;
				MTL_ENABLE_DEBUG_INFO = NO;
				MTL_FAST_MATH = YES;
				SDKROOT = iphoneos;
				SWIFT_COMPILATION_MODE = wholemodule;
				SWIFT_OPTIMIZATION_LEVEL = "-O";
				VALIDATE_PRODUCT = YES;
			};
			name = Release;
		};
		A897172B26A624BA00E00DE2 /* Debug */ = {
			isa = XCBuildConfiguration;
			buildSettings = {
				ASSETCATALOG_COMPILER_APPICON_NAME = AppIcon;
				ASSETCATALOG_COMPILER_GLOBAL_ACCENT_COLOR_NAME = AccentColor;
				CODE_SIGN_STYLE = Automatic;
				INFOPLIST_FILE = ToDoList/Info.plist;
				LD_RUNPATH_SEARCH_PATHS = (
					"$(inherited)",
					"@executable_path/Frameworks",
				);
				PRODUCT_BUNDLE_IDENTIFIER = skylararce.ToDoList;
				PRODUCT_NAME = "$(TARGET_NAME)";
				SWIFT_VERSION = 5.0;
				TARGETED_DEVICE_FAMILY = "1,2";
			};
			name = Debug;
		};
		A897172C26A624BA00E00DE2 /* Release */ = {
			isa = XCBuildConfiguration;
			buildSettings = {
				ASSETCATALOG_COMPILER_APPICON_NAME = AppIcon;
				ASSETCATALOG_COMPILER_GLOBAL_ACCENT_COLOR_NAME = AccentColor;
				CODE_SIGN_STYLE = Automatic;
				INFOPLIST_FILE = ToDoList/Info.plist;
				LD_RUNPATH_SEARCH_PATHS = (
					"$(inherited)",
					"@executable_path/Frameworks",
				);
				PRODUCT_BUNDLE_IDENTIFIER = skylararce.ToDoList;
				PRODUCT_NAME = "$(TARGET_NAME)";
				SWIFT_VERSION = 5.0;
				TARGETED_DEVICE_FAMILY = "1,2";
			};
			name = Release;
		};
		A897172E26A624BA00E00DE2 /* Debug */ = {
			isa = XCBuildConfiguration;
			buildSettings = {
				ALWAYS_EMBED_SWIFT_STANDARD_LIBRARIES = YES;
				BUNDLE_LOADER = "$(TEST_HOST)";
				CODE_SIGN_STYLE = Automatic;
				INFOPLIST_FILE = ToDoListTests/Info.plist;
				IPHONEOS_DEPLOYMENT_TARGET = 14.5;
				LD_RUNPATH_SEARCH_PATHS = (
					"$(inherited)",
					"@executable_path/Frameworks",
					"@loader_path/Frameworks",
				);
				PRODUCT_BUNDLE_IDENTIFIER = skylararce.ToDoListTests;
				PRODUCT_NAME = "$(TARGET_NAME)";
				SWIFT_VERSION = 5.0;
				TARGETED_DEVICE_FAMILY = "1,2";
				TEST_HOST = "$(BUILT_PRODUCTS_DIR)/ToDoList.app/ToDoList";
			};
			name = Debug;
		};
		A897172F26A624BA00E00DE2 /* Release */ = {
			isa = XCBuildConfiguration;
			buildSettings = {
				ALWAYS_EMBED_SWIFT_STANDARD_LIBRARIES = YES;
				BUNDLE_LOADER = "$(TEST_HOST)";
				CODE_SIGN_STYLE = Automatic;
				INFOPLIST_FILE = ToDoListTests/Info.plist;
				IPHONEOS_DEPLOYMENT_TARGET = 14.5;
				LD_RUNPATH_SEARCH_PATHS = (
					"$(inherited)",
					"@executable_path/Frameworks",
					"@loader_path/Frameworks",
				);
				PRODUCT_BUNDLE_IDENTIFIER = skylararce.ToDoListTests;
				PRODUCT_NAME = "$(TARGET_NAME)";
				SWIFT_VERSION = 5.0;
				TARGETED_DEVICE_FAMILY = "1,2";
				TEST_HOST = "$(BUILT_PRODUCTS_DIR)/ToDoList.app/ToDoList";
			};
			name = Release;
		};
		A897173126A624BA00E00DE2 /* Debug */ = {
			isa = XCBuildConfiguration;
			buildSettings = {
				ALWAYS_EMBED_SWIFT_STANDARD_LIBRARIES = YES;
				CODE_SIGN_STYLE = Automatic;
				INFOPLIST_FILE = ToDoListUITests/Info.plist;
				LD_RUNPATH_SEARCH_PATHS = (
					"$(inherited)",
					"@executable_path/Frameworks",
					"@loader_path/Frameworks",
				);
				PRODUCT_BUNDLE_IDENTIFIER = skylararce.ToDoListUITests;
				PRODUCT_NAME = "$(TARGET_NAME)";
				SWIFT_VERSION = 5.0;
				TARGETED_DEVICE_FAMILY = "1,2";
				TEST_TARGET_NAME = ToDoList;
			};
			name = Debug;
		};
		A897173226A624BA00E00DE2 /* Release */ = {
			isa = XCBuildConfiguration;
			buildSettings = {
				ALWAYS_EMBED_SWIFT_STANDARD_LIBRARIES = YES;
				CODE_SIGN_STYLE = Automatic;
				INFOPLIST_FILE = ToDoListUITests/Info.plist;
				LD_RUNPATH_SEARCH_PATHS = (
					"$(inherited)",
					"@executable_path/Frameworks",
					"@loader_path/Frameworks",
				);
				PRODUCT_BUNDLE_IDENTIFIER = skylararce.ToDoListUITests;
				PRODUCT_NAME = "$(TARGET_NAME)";
				SWIFT_VERSION = 5.0;
				TARGETED_DEVICE_FAMILY = "1,2";
				TEST_TARGET_NAME = ToDoList;
			};
			name = Release;
		};
/* End XCBuildConfiguration section */

/* Begin XCConfigurationList section */
		A89716F826A624B900E00DE2 /* Build configuration list for PBXProject "ToDoList" */ = {
			isa = XCConfigurationList;
			buildConfigurations = (
				A897172826A624BA00E00DE2 /* Debug */,
				A897172926A624BA00E00DE2 /* Release */,
			);
			defaultConfigurationIsVisible = 0;
			defaultConfigurationName = Release;
		};
		A897172A26A624BA00E00DE2 /* Build configuration list for PBXNativeTarget "ToDoList" */ = {
			isa = XCConfigurationList;
			buildConfigurations = (
				A897172B26A624BA00E00DE2 /* Debug */,
				A897172C26A624BA00E00DE2 /* Release */,
			);
			defaultConfigurationIsVisible = 0;
			defaultConfigurationName = Release;
		};
		A897172D26A624BA00E00DE2 /* Build configuration list for PBXNativeTarget "ToDoListTests" */ = {
			isa = XCConfigurationList;
			buildConfigurations = (
				A897172E26A624BA00E00DE2 /* Debug */,
				A897172F26A624BA00E00DE2 /* Release */,
			);
			defaultConfigurationIsVisible = 0;
			defaultConfigurationName = Release;
		};
		A897173026A624BA00E00DE2 /* Build configuration list for PBXNativeTarget "ToDoListUITests" */ = {
			isa = XCConfigurationList;
			buildConfigurations = (
				A897173126A624BA00E00DE2 /* Debug */,
				A897173226A624BA00E00DE2 /* Release */,
			);
			defaultConfigurationIsVisible = 0;
			defaultConfigurationName = Release;
		};
/* End XCConfigurationList section */

/* Begin XCVersionGroup section */
		A897170926A624B900E00DE2 /* ToDoList.xcdatamodeld */ = {
			isa = XCVersionGroup;
			children = (
				A897170A26A624B900E00DE2 /* ToDoList.xcdatamodel */,
			);
			currentVersion = A897170A26A624B900E00DE2 /* ToDoList.xcdatamodel */;
			path = ToDoList.xcdatamodeld;
			sourceTree = "<group>";
			versionGroupType = wrapper.xcdatamodel;
		};
/* End XCVersionGroup section */
	};
	rootObject = A89716F526A624B900E00DE2 /* Project object */;
}
